// !$*UTF8*$!
{
	archiveVersion = 1;
	classes = {
	};
	objectVersion = 46;
	objects = {

/* Begin PBXBuildFile section */
		D12F865C1AE0B15000684F63 /* DetailViewController.m in Sources */ = {isa = PBXBuildFile; fileRef = D12F865B1AE0B15000684F63 /* DetailViewController.m */; };
		D13259331AE09DB20087684E /* Images.xcassets in Resources */ = {isa = PBXBuildFile; fileRef = D13689DF1ADEA0E900491E62 /* Images.xcassets */; };
		D13689D51ADEA0E900491E62 /* main.m in Sources */ = {isa = PBXBuildFile; fileRef = D13689D41ADEA0E900491E62 /* main.m */; };
		D13689D81ADEA0E900491E62 /* AppDelegate.m in Sources */ = {isa = PBXBuildFile; fileRef = D13689D71ADEA0E900491E62 /* AppDelegate.m */; };
		D13689DE1ADEA0E900491E62 /* Main.storyboard in Resources */ = {isa = PBXBuildFile; fileRef = D13689DC1ADEA0E900491E62 /* Main.storyboard */; };
		D13689E31ADEA0E900491E62 /* LaunchScreen.xib in Resources */ = {isa = PBXBuildFile; fileRef = D13689E11ADEA0E900491E62 /* LaunchScreen.xib */; };
		D13689EF1ADEA0E900491E62 /* CustomTableTests.m in Sources */ = {isa = PBXBuildFile; fileRef = D13689EE1ADEA0E900491E62 /* CustomTableTests.m */; };
		D13689FA1ADEA2A200491E62 /* CustomTableViewController.m in Sources */ = {isa = PBXBuildFile; fileRef = D13689F91ADEA2A200491E62 /* CustomTableViewController.m */; };
		D14EA78C1AE5DF9B00AADFCF /* Info.plist in Resources */ = {isa = PBXBuildFile; fileRef = D14EA78B1AE5DF9B00AADFCF /* Info.plist */; };
		D14EA78E1AE5E0BD00AADFCF /* about.jpg in Resources */ = {isa = PBXBuildFile; fileRef = D14EA78D1AE5E0BD00AADFCF /* about.jpg */; };
		D14EA7901AE5E0CB00AADFCF /* about.html in Resources */ = {isa = PBXBuildFile; fileRef = D14EA78F1AE5E0CB00AADFCF /* about.html */; };
		D1B9DC811AE73E9B00434022 /* Recipe.m in Sources */ = {isa = PBXBuildFile; fileRef = D1B9DC801AE73E9B00434022 /* Recipe.m */; };
		D1F80EB51ADEC55400A0DBB7 /* CustomTableViewCell.m in Sources */ = {isa = PBXBuildFile; fileRef = D1F80EB41ADEC55400A0DBB7 /* CustomTableViewCell.m */; };
		D1FA11B71AE5A8020009422A /* AboutViewController.m in Sources */ = {isa = PBXBuildFile; fileRef = D1FA11B61AE5A8020009422A /* AboutViewController.m */; };
/* End PBXBuildFile section */

/* Begin PBXContainerItemProxy section */
		D13689E91ADEA0E900491E62 /* PBXContainerItemProxy */ = {
			isa = PBXContainerItemProxy;
			containerPortal = D13689C71ADEA0E900491E62 /* Project object */;
			proxyType = 1;
			remoteGlobalIDString = D13689CE1ADEA0E900491E62;
			remoteInfo = CustomTable;
		};
/* End PBXContainerItemProxy section */

/* Begin PBXFileReference section */
		D12F865A1AE0B15000684F63 /* DetailViewController.h */ = {isa = PBXFileReference; fileEncoding = 4; lastKnownFileType = sourcecode.c.h; path = DetailViewController.h; sourceTree = "<group>"; };
		D12F865B1AE0B15000684F63 /* DetailViewController.m */ = {isa = PBXFileReference; fileEncoding = 4; lastKnownFileType = sourcecode.c.objc; path = DetailViewController.m; sourceTree = "<group>"; };
		D13689CF1ADEA0E900491E62 /* CustomTable.app */ = {isa = PBXFileReference; explicitFileType = wrapper.application; includeInIndex = 0; path = CustomTable.app; sourceTree = BUILT_PRODUCTS_DIR; };
		D13689D31ADEA0E900491E62 /* Info.plist */ = {isa = PBXFileReference; lastKnownFileType = text.plist.xml; path = Info.plist; sourceTree = "<group>"; };
		D13689D41ADEA0E900491E62 /* main.m */ = {isa = PBXFileReference; lastKnownFileType = sourcecode.c.objc; path = main.m; sourceTree = "<group>"; };
		D13689D61ADEA0E900491E62 /* AppDelegate.h */ = {isa = PBXFileReference; lastKnownFileType = sourcecode.c.h; path = AppDelegate.h; sourceTree = "<group>"; };
		D13689D71ADEA0E900491E62 /* AppDelegate.m */ = {isa = PBXFileReference; lastKnownFileType = sourcecode.c.objc; path = AppDelegate.m; sourceTree = "<group>"; };
		D13689DD1ADEA0E900491E62 /* Base */ = {isa = PBXFileReference; lastKnownFileType = file.storyboard; name = Base; path = Base.lproj/Main.storyboard; sourceTree = "<group>"; };
		D13689DF1ADEA0E900491E62 /* Images.xcassets */ = {isa = PBXFileReference; lastKnownFileType = folder.assetcatalog; path = Images.xcassets; sourceTree = "<group>"; };
		D13689E21ADEA0E900491E62 /* Base */ = {isa = PBXFileReference; lastKnownFileType = file.xib; name = Base; path = Base.lproj/LaunchScreen.xib; sourceTree = "<group>"; };
		D13689E81ADEA0E900491E62 /* CustomTableTests.xctest */ = {isa = PBXFileReference; explicitFileType = wrapper.cfbundle; includeInIndex = 0; path = CustomTableTests.xctest; sourceTree = BUILT_PRODUCTS_DIR; };
		D13689EE1ADEA0E900491E62 /* CustomTableTests.m */ = {isa = PBXFileReference; lastKnownFileType = sourcecode.c.objc; path = CustomTableTests.m; sourceTree = "<group>"; };
		D13689F81ADEA2A200491E62 /* CustomTableViewController.h */ = {isa = PBXFileReference; fileEncoding = 4; lastKnownFileType = sourcecode.c.h; path = CustomTableViewController.h; sourceTree = "<group>"; };
		D13689F91ADEA2A200491E62 /* CustomTableViewController.m */ = {isa = PBXFileReference; fileEncoding = 4; lastKnownFileType = sourcecode.c.objc; path = CustomTableViewController.m; sourceTree = "<group>"; };
		D14EA78B1AE5DF9B00AADFCF /* Info.plist */ = {isa = PBXFileReference; fileEncoding = 4; lastKnownFileType = text.plist.xml; name = Info.plist; path = CustomTableTests/Info.plist; sourceTree = SOURCE_ROOT; };
		D14EA78D1AE5E0BD00AADFCF /* about.jpg */ = {isa = PBXFileReference; lastKnownFileType = image.jpeg; path = about.jpg; sourceTree = "<group>"; };
		D14EA78F1AE5E0CB00AADFCF /* about.html */ = {isa = PBXFileReference; fileEncoding = 4; lastKnownFileType = text.html; path = about.html; sourceTree = "<group>"; };
		D1B9DC7F1AE73E9B00434022 /* Recipe.h */ = {isa = PBXFileReference; fileEncoding = 4; lastKnownFileType = sourcecode.c.h; name = Recipe.h; path = ../Recipe.h; sourceTree = "<group>"; };
		D1B9DC801AE73E9B00434022 /* Recipe.m */ = {isa = PBXFileReference; fileEncoding = 4; lastKnownFileType = sourcecode.c.objc; name = Recipe.m; path = ../Recipe.m; sourceTree = "<group>"; };
		D1F80EB31ADEC55400A0DBB7 /* CustomTableViewCell.h */ = {isa = PBXFileReference; fileEncoding = 4; lastKnownFileType = sourcecode.c.h; path = CustomTableViewCell.h; sourceTree = "<group>"; };
		D1F80EB41ADEC55400A0DBB7 /* CustomTableViewCell.m */ = {isa = PBXFileReference; fileEncoding = 4; lastKnownFileType = sourcecode.c.objc; path = CustomTableViewCell.m; sourceTree = "<group>"; };
		D1FA11B51AE5A8020009422A /* AboutViewController.h */ = {isa = PBXFileReference; fileEncoding = 4; lastKnownFileType = sourcecode.c.h; path = AboutViewController.h; sourceTree = "<group>"; };
		D1FA11B61AE5A8020009422A /* AboutViewController.m */ = {isa = PBXFileReference; fileEncoding = 4; lastKnownFileType = sourcecode.c.objc; path = AboutViewController.m; sourceTree = "<group>"; };
/* End PBXFileReference section */

/* Begin PBXFrameworksBuildPhase section */
		D13689CC1ADEA0E900491E62 /* Frameworks */ = {
			isa = PBXFrameworksBuildPhase;
			buildActionMask = 2147483647;
			files = (
			);
			runOnlyForDeploymentPostprocessing = 0;
		};
		D13689E51ADEA0E900491E62 /* Frameworks */ = {
			isa = PBXFrameworksBuildPhase;
			buildActionMask = 2147483647;
			files = (
			);
			runOnlyForDeploymentPostprocessing = 0;
		};
/* End PBXFrameworksBuildPhase section */

/* Begin PBXGroup section */
		D13689C61ADEA0E900491E62 = {
			isa = PBXGroup;
			children = (
				D13689D11ADEA0E900491E62 /* CustomTable */,
				D13689EB1ADEA0E900491E62 /* CustomTableTests */,
				D13689D01ADEA0E900491E62 /* Products */,
			);
			indentWidth = 3;
			sourceTree = "<group>";
		};
		D13689D01ADEA0E900491E62 /* Products */ = {
			isa = PBXGroup;
			children = (
				D13689CF1ADEA0E900491E62 /* CustomTable.app */,
				D13689E81ADEA0E900491E62 /* CustomTableTests.xctest */,
			);
			name = Products;
			sourceTree = "<group>";
		};
		D13689D11ADEA0E900491E62 /* CustomTable */ = {
			isa = PBXGroup;
			children = (
				D13689D61ADEA0E900491E62 /* AppDelegate.h */,
				D13689D71ADEA0E900491E62 /* AppDelegate.m */,
				D13689DC1ADEA0E900491E62 /* Main.storyboard */,
				D13689DF1ADEA0E900491E62 /* Images.xcassets */,
				D13689E11ADEA0E900491E62 /* LaunchScreen.xib */,
				D13689D21ADEA0E900491E62 /* Supporting Files */,
				D13689F81ADEA2A200491E62 /* CustomTableViewController.h */,
				D13689F91ADEA2A200491E62 /* CustomTableViewController.m */,
				D1F80EB31ADEC55400A0DBB7 /* CustomTableViewCell.h */,
				D1F80EB41ADEC55400A0DBB7 /* CustomTableViewCell.m */,
				D12F865A1AE0B15000684F63 /* DetailViewController.h */,
				D12F865B1AE0B15000684F63 /* DetailViewController.m */,
				D1FA11B51AE5A8020009422A /* AboutViewController.h */,
				D1FA11B61AE5A8020009422A /* AboutViewController.m */,
				D1B9DC7F1AE73E9B00434022 /* Recipe.h */,
				D1B9DC801AE73E9B00434022 /* Recipe.m */,
			);
			path = CustomTable;
			sourceTree = "<group>";
		};
		D13689D21ADEA0E900491E62 /* Supporting Files */ = {
			isa = PBXGroup;
			children = (
				D14EA78F1AE5E0CB00AADFCF /* about.html */,
				D14EA78D1AE5E0BD00AADFCF /* about.jpg */,
				D13689D31ADEA0E900491E62 /* Info.plist */,
				D13689D41ADEA0E900491E62 /* main.m */,
			);
			name = "Supporting Files";
			sourceTree = "<group>";
		};
		D13689EB1ADEA0E900491E62 /* CustomTableTests */ = {
			isa = PBXGroup;
			children = (
				D13689EE1ADEA0E900491E62 /* CustomTableTests.m */,
				D1B9DC7E1AE7365C00434022 /* Supporting Files  */,
			);
			path = CustomTableTests;
			sourceTree = "<group>";
		};
		D1B9DC7E1AE7365C00434022 /* Supporting Files  */ = {
			isa = PBXGroup;
			children = (
				D14EA78B1AE5DF9B00AADFCF /* Info.plist */,
			);
			name = "Supporting Files ";
			sourceTree = "<group>";
		};
/* End PBXGroup section */

/* Begin PBXNativeTarget section */
		D13689CE1ADEA0E900491E62 /* CustomTable */ = {
			isa = PBXNativeTarget;
			buildConfigurationList = D13689F21ADEA0E900491E62 /* Build configuration list for PBXNativeTarget "CustomTable" */;
			buildPhases = (
				D13689CB1ADEA0E900491E62 /* Sources */,
				D13689CC1ADEA0E900491E62 /* Frameworks */,
				D13689CD1ADEA0E900491E62 /* Resources */,
			);
			buildRules = (
			);
			dependencies = (
			);
			name = CustomTable;
			productName = CustomTable;
			productReference = D13689CF1ADEA0E900491E62 /* CustomTable.app */;
			productType = "com.apple.product-type.application";
		};
		D13689E71ADEA0E900491E62 /* CustomTableTests */ = {
			isa = PBXNativeTarget;
			buildConfigurationList = D13689F51ADEA0E900491E62 /* Build configuration list for PBXNativeTarget "CustomTableTests" */;
			buildPhases = (
				D13689E41ADEA0E900491E62 /* Sources */,
				D13689E51ADEA0E900491E62 /* Frameworks */,
				D13689E61ADEA0E900491E62 /* Resources */,
			);
			buildRules = (
			);
			dependencies = (
				D13689EA1ADEA0E900491E62 /* PBXTargetDependency */,
			);
			name = CustomTableTests;
			productName = CustomTableTests;
			productReference = D13689E81ADEA0E900491E62 /* CustomTableTests.xctest */;
			productType = "com.apple.product-type.bundle.unit-test";
		};
/* End PBXNativeTarget section */

/* Begin PBXProject section */
		D13689C71ADEA0E900491E62 /* Project object */ = {
			isa = PBXProject;
			attributes = {
				LastUpgradeCheck = 0630;
				ORGANIZATIONNAME = TD;
				TargetAttributes = {
					D13689CE1ADEA0E900491E62 = {
						CreatedOnToolsVersion = 6.3;
					};
					D13689E71ADEA0E900491E62 = {
						CreatedOnToolsVersion = 6.3;
						TestTargetID = D13689CE1ADEA0E900491E62;
					};
				};
			};
			buildConfigurationList = D13689CA1ADEA0E900491E62 /* Build configuration list for PBXProject "CustomTable" */;
			compatibilityVersion = "Xcode 3.2";
			developmentRegion = English;
			hasScannedForEncodings = 0;
			knownRegions = (
				en,
				Base,
			);
			mainGroup = D13689C61ADEA0E900491E62;
			productRefGroup = D13689D01ADEA0E900491E62 /* Products */;
			projectDirPath = "";
			projectRoot = "";
			targets = (
				D13689CE1ADEA0E900491E62 /* CustomTable */,
				D13689E71ADEA0E900491E62 /* CustomTableTests */,
			);
		};
/* End PBXProject section */

/* Begin PBXResourcesBuildPhase section */
		D13689CD1ADEA0E900491E62 /* Resources */ = {
			isa = PBXResourcesBuildPhase;
			buildActionMask = 2147483647;
			files = (
				D14EA7901AE5E0CB00AADFCF /* about.html in Resources */,
				D14EA78E1AE5E0BD00AADFCF /* about.jpg in Resources */,
				D13689DE1ADEA0E900491E62 /* Main.storyboard in Resources */,
				D13259331AE09DB20087684E /* Images.xcassets in Resources */,
				D13689E31ADEA0E900491E62 /* LaunchScreen.xib in Resources */,
			);
			runOnlyForDeploymentPostprocessing = 0;
		};
		D13689E61ADEA0E900491E62 /* Resources */ = {
			isa = PBXResourcesBuildPhase;
			buildActionMask = 2147483647;
			files = (
				D14EA78C1AE5DF9B00AADFCF /* Info.plist in Resources */,
			);
			runOnlyForDeploymentPostprocessing = 0;
		};
/* End PBXResourcesBuildPhase section */

/* Begin PBXSourcesBuildPhase section */
		D13689CB1ADEA0E900491E62 /* Sources */ = {
			isa = PBXSourcesBuildPhase;
			buildActionMask = 2147483647;
			files = (
				D1FA11B71AE5A8020009422A /* AboutViewController.m in Sources */,
				D1B9DC811AE73E9B00434022 /* Recipe.m in Sources */,
				D12F865C1AE0B15000684F63 /* DetailViewController.m in Sources */,
				D13689D81ADEA0E900491E62 /* AppDelegate.m in Sources */,
				D13689FA1ADEA2A200491E62 /* CustomTableViewController.m in Sources */,
				D1F80EB51ADEC55400A0DBB7 /* CustomTableViewCell.m in Sources */,
				D13689D51ADEA0E900491E62 /* main.m in Sources */,
			);
			runOnlyForDeploymentPostprocessing = 0;
		};
		D13689E41ADEA0E900491E62 /* Sources */ = {
			isa = PBXSourcesBuildPhase;
			buildActionMask = 2147483647;
			files = (
				D13689EF1ADEA0E900491E62 /* CustomTableTests.m in Sources */,
			);
			runOnlyForDeploymentPostprocessing = 0;
		};
/* End PBXSourcesBuildPhase section */

/* Begin PBXTargetDependency section */
		D13689EA1ADEA0E900491E62 /* PBXTargetDependency */ = {
			isa = PBXTargetDependency;
			target = D13689CE1ADEA0E900491E62 /* CustomTable */;
			targetProxy = D13689E91ADEA0E900491E62 /* PBXContainerItemProxy */;
		};
/* End PBXTargetDependency section */

/* Begin PBXVariantGroup section */
		D13689DC1ADEA0E900491E62 /* Main.storyboard */ = {
			isa = PBXVariantGroup;
			children = (
				D13689DD1ADEA0E900491E62 /* Base */,
			);
			name = Main.storyboard;
			sourceTree = "<group>";
		};
		D13689E11ADEA0E900491E62 /* LaunchScreen.xib */ = {
			isa = PBXVariantGroup;
			children = (
				D13689E21ADEA0E900491E62 /* Base */,
			);
			name = LaunchScreen.xib;
			sourceTree = "<group>";
		};
/* End PBXVariantGroup section */

/* Begin XCBuildConfiguration section */
		D13689F01ADEA0E900491E62 /* Debug */ = {
			isa = XCBuildConfiguration;
			buildSettings = {
				ALWAYS_SEARCH_USER_PATHS = NO;
				CLANG_CXX_LANGUAGE_STANDARD = "gnu++0x";
				CLANG_CXX_LIBRARY = "libc++";
				CLANG_ENABLE_MODULES = YES;
				CLANG_ENABLE_OBJC_ARC = YES;
				CLANG_WARN_BOOL_CONVERSION = YES;
				CLANG_WARN_CONSTANT_CONVERSION = YES;
				CLANG_WARN_DIRECT_OBJC_ISA_USAGE = YES_ERROR;
				CLANG_WARN_EMPTY_BODY = YES;
				CLANG_WARN_ENUM_CONVERSION = YES;
				CLANG_WARN_INT_CONVERSION = YES;
				CLANG_WARN_OBJC_ROOT_CLASS = YES_ERROR;
				CLANG_WARN_UNREACHABLE_CODE = YES;
				CLANG_WARN__DUPLICATE_METHOD_MATCH = YES;
				"CODE_SIGN_IDENTITY[sdk=iphoneos*]" = "iPhone Developer";
				COPY_PHASE_STRIP = NO;
				DEBUG_INFORMATION_FORMAT = "dwarf-with-dsym";
				ENABLE_STRICT_OBJC_MSGSEND = YES;
				GCC_C_LANGUAGE_STANDARD = gnu99;
				GCC_DYNAMIC_NO_PIC = NO;
				GCC_NO_COMMON_BLOCKS = YES;
				GCC_OPTIMIZATION_LEVEL = 0;
				GCC_PREPROCESSOR_DEFINITIONS = (
					"DEBUG=1",
					"$(inherited)",
				);
				GCC_SYMBOLS_PRIVATE_EXTERN = NO;
				GCC_WARN_64_TO_32_BIT_CONVERSION = YES;
				GCC_WARN_ABOUT_RETURN_TYPE = YES_ERROR;
				GCC_WARN_UNDECLARED_SELECTOR = YES;
				GCC_WARN_UNINITIALIZED_AUTOS = YES_AGGRESSIVE;
				GCC_WARN_UNUSED_FUNCTION = YES;
				GCC_WARN_UNUSED_VARIABLE = YES;
				IPHONEOS_DEPLOYMENT_TARGET = 8.3;
				MTL_ENABLE_DEBUG_INFO = YES;
				ONLY_ACTIVE_ARCH = YES;
				SDKROOT = iphoneos;
			};
			name = Debug;
		};
		D13689F11ADEA0E900491E62 /* Release */ = {
			isa = XCBuildConfiguration;
			buildSettings = {
				ALWAYS_SEARCH_USER_PATHS = NO;
				CLANG_CXX_LANGUAGE_STANDARD = "gnu++0x";
				CLANG_CXX_LIBRARY = "libc++";
				CLANG_ENABLE_MODULES = YES;
				CLANG_ENABLE_OBJC_ARC = YES;
				CLANG_WARN_BOOL_CONVERSION = YES;
				CLANG_WARN_CONSTANT_CONVERSION = YES;
				CLANG_WARN_DIRECT_OBJC_ISA_USAGE = YES_ERROR;
				CLANG_WARN_EMPTY_BODY = YES;
				CLANG_WARN_ENUM_CONVERSION = YES;
				CLANG_WARN_INT_CONVERSION = YES;
				CLANG_WARN_OBJC_ROOT_CLASS = YES_ERROR;
				CLANG_WARN_UNREACHABLE_CODE = YES;
				CLANG_WARN__DUPLICATE_METHOD_MATCH = YES;
				"CODE_SIGN_IDENTITY[sdk=iphoneos*]" = "iPhone Developer";
				COPY_PHASE_STRIP = NO;
				DEBUG_INFORMATION_FORMAT = "dwarf-with-dsym";
				ENABLE_NS_ASSERTIONS = NO;
				ENABLE_STRICT_OBJC_MSGSEND = YES;
				GCC_C_LANGUAGE_STANDARD = gnu99;
				GCC_NO_COMMON_BLOCKS = YES;
				GCC_WARN_64_TO_32_BIT_CONVERSION = YES;
				GCC_WARN_ABOUT_RETURN_TYPE = YES_ERROR;
				GCC_WARN_UNDECLARED_SELECTOR = YES;
				GCC_WARN_UNINITIALIZED_AUTOS = YES_AGGRESSIVE;
				GCC_WARN_UNUSED_FUNCTION = YES;
				GCC_WARN_UNUSED_VARIABLE = YES;
				IPHONEOS_DEPLOYMENT_TARGET = 8.3;
				MTL_ENABLE_DEBUG_INFO = NO;
				SDKROOT = iphoneos;
				VALIDATE_PRODUCT = YES;
			};
			name = Release;
		};
		D13689F31ADEA0E900491E62 /* Debug */ = {
			isa = XCBuildConfiguration;
			buildSettings = {
				ASSETCATALOG_COMPILER_APPICON_NAME = AppIcon;
				ASSETCATALOG_COMPILER_LAUNCHIMAGE_NAME = LaunchImage;
				INFOPLIST_FILE = CustomTable/Info.plist;
				LD_RUNPATH_SEARCH_PATHS = "$(inherited) @executable_path/Frameworks";
				PRODUCT_NAME = "$(TARGET_NAME)";
			};
			name = Debug;
		};
		D13689F41ADEA0E900491E62 /* Release */ = {
			isa = XCBuildConfiguration;
			buildSettings = {
				ASSETCATALOG_COMPILER_APPICON_NAME = AppIcon;
				ASSETCATALOG_COMPILER_LAUNCHIMAGE_NAME = LaunchImage;
				INFOPLIST_FILE = CustomTable/Info.plist;
				LD_RUNPATH_SEARCH_PATHS = "$(inherited) @executable_path/Frameworks";
				PRODUCT_NAME = "$(TARGET_NAME)";
			};
			name = Release;
		};
		D13689F61ADEA0E900491E62 /* Debug */ = {
			isa = XCBuildConfiguration;
			buildSettings = {
				BUNDLE_LOADER = "$(TEST_HOST)";
				FRAMEWORK_SEARCH_PATHS = (
					"$(SDKROOT)/Developer/Library/Frameworks",
					"$(inherited)",
				);
				GCC_PREPROCESSOR_DEFINITIONS = (
					"DEBUG=1",
					"$(inherited)",
				);
				INFOPLIST_FILE = CustomTableTests/Info.plist;
				LD_RUNPATH_SEARCH_PATHS = "$(inherited) @executable_path/Frameworks @loader_path/Frameworks";
				PRODUCT_NAME = "$(TARGET_NAME)";
				TEST_HOST = "$(BUILT_PRODUCTS_DIR)/CustomTable.app/CustomTable";
			};
			name = Debug;
		};
		D13689F71ADEA0E900491E62 /* Release */ = {
			isa = XCBuildConfiguration;
			buildSettings = {
				BUNDLE_LOADER = "$(TEST_HOST)";
				FRAMEWORK_SEARCH_PATHS = (
					"$(SDKROOT)/Developer/Library/Frameworks",
					"$(inherited)",
				);
				INFOPLIST_FILE = CustomTableTests/Info.plist;
				LD_RUNPATH_SEARCH_PATHS = "$(inherited) @executable_path/Frameworks @loader_path/Frameworks";
				PRODUCT_NAME = "$(TARGET_NAME)";
				TEST_HOST = "$(BUILT_PRODUCTS_DIR)/CustomTable.app/CustomTable";
			};
			name = Release;
		};
/* End XCBuildConfiguration section */

/* Begin XCConfigurationList section */
		D13689CA1ADEA0E900491E62 /* Build configuration list for PBXProject "CustomTable" */ = {
			isa = XCConfigurationList;
			buildConfigurations = (
				D13689F01ADEA0E900491E62 /* Debug */,
				D13689F11ADEA0E900491E62 /* Release */,
			);
			defaultConfigurationIsVisible = 0;
			defaultConfigurationName = Release;
		};
		D13689F21ADEA0E900491E62 /* Build configuration list for PBXNativeTarget "CustomTable" */ = {
			isa = XCConfigurationList;
			buildConfigurations = (
				D13689F31ADEA0E900491E62 /* Debug */,
				D13689F41ADEA0E900491E62 /* Release */,
			);
			defaultConfigurationIsVisible = 0;
			defaultConfigurationName = Release;
		};
		D13689F51ADEA0E900491E62 /* Build configuration list for PBXNativeTarget "CustomTableTests" */ = {
			isa = XCConfigurationList;
			buildConfigurations = (
				D13689F61ADEA0E900491E62 /* Debug */,
				D13689F71ADEA0E900491E62 /* Release */,
			);
			defaultConfigurationIsVisible = 0;
			defaultConfigurationName = Release;
		};
/* End XCConfigurationList section */
	};
	rootObject = D13689C71ADEA0E900491E62 /* Project object */;
}
